version = 1
revision = 1
requires-python = ">=3.8"
resolution-markers = [
    "python_full_version >= '3.9'",
    "python_full_version < '3.9'",
]

[[package]]
name = "anime"
source = { editable = "." }
dependencies = [
    { name = "arro3-core", version = "0.4.2", source = { registry = "https://pypi.org/simple" }, marker = "python_full_version < '3.9'" },
    { name = "arro3-core", version = "0.5.1", source = { registry = "https://pypi.org/simple" }, marker = "python_full_version >= '3.9'" },
]

[package.metadata]
requires-dist = [{ name = "arro3-core", specifier = ">=0.4.2" }]

[[package]]
name = "arro3-core"
version = "0.4.2"
source = { registry = "https://pypi.org/simple" }
resolution-markers = [
    "python_full_version < '3.9'",
]
wheels = [
    { url = "https://files.pythonhosted.org/packages/98/19/8af2b81856d4a3f897dbfe087b9cd70de0dfd247e0b391b6e2c77ed18f25/arro3_core-0.4.2-cp310-cp310-macosx_11_0_arm64.whl", hash = "sha256:188b8f52dce3ee37944f655154cfa193481276e566ff7f7faf0c8aef6c021ec1", size = 2108927 },
    { url = "https://files.pythonhosted.org/packages/29/8f/cd7e92d08dc1ae1423eaa93b2da2c008e61a299559a1469e8952939967af/arro3_core-0.4.2-cp310-cp310-manylinux_2_17_aarch64.manylinux2014_aarch64.whl", hash = "sha256:795525ca689246987296963b6510d2f20ea3fca72246310eac07f85235145cf1", size = 2378548 },
    { url = "https://files.pythonhosted.org/packages/32/f3/42615bde792ca33bdfcf75421ad3d8cba4437bf4a55fec803e54987c5929/arro3_core-0.4.2-cp310-cp310-manylinux_2_17_armv7l.manylinux2014_armv7l.whl", hash = "sha256:6f7c4c74fb47362fa1c1722899f33594152fc4c671309693e679758d4aabc71f", size = 2686957 },
    { url = "https://files.pythonhosted.org/packages/57/15/362828293929f3333f1f02680d1233b268a47d56db663200c89640fbd3aa/arro3_core-0.4.2-cp310-cp310-manylinux_2_17_ppc64le.manylinux2014_ppc64le.whl", hash = "sha256:6fe1bd737d677cd808c79ae93f3d8dabbcf5645ce18e7a427a08e2aa656a38da", size = 2469204 },
    { url = "https://files.pythonhosted.org/packages/d5/69/a8d1e4df805deb7c66b230f018e757512b946a051b338f272f96b7cd6bb4/arro3_core-0.4.2-cp310-cp310-manylinux_2_17_s390x.manylinux2014_s390x.whl", hash = "sha256:88cdfb806b6c40c779c9a9b65fb1df6d079c1bf21e3c5890fc560746b5dc3a30", size = 3441155 },
    { url = "https://files.pythonhosted.org/packages/da/1c/f979aabf0518862f3c32db6841ac9f737c1127d49aecdd80b7bea4d5d283/arro3_core-0.4.2-cp310-cp310-manylinux_2_17_x86_64.manylinux2014_x86_64.whl", hash = "sha256:c633c375b6bf91fad9eea62a923c3f2b908209ef93dd5a40503dfc346595db81", size = 2466896 },
    { url = "https://files.pythonhosted.org/packages/8f/57/d099619f776fdaecb3e5c4b82c38afb8880038e46e5e4d34b04bc737348d/arro3_core-0.4.2-cp310-cp310-manylinux_2_5_i686.manylinux1_i686.whl", hash = "sha256:b426c98e7596ed575a6f98b84c2497b479b834769970fd82437db25d8973e46b", size = 2625189 },
    { url = "https://files.pythonhosted.org/packages/e5/d5/cc38d97369d1eef062a569abc500a476893acc5a923e2244d2fac573726e/arro3_core-0.4.2-cp310-cp310-musllinux_1_2_aarch64.whl", hash = "sha256:5fc1557bdbb4339b70ddac824b0b2fd9e5befa1ec014331f6a5ee1100a949d33", size = 2523647 },
    { url = "https://files.pythonhosted.org/packages/0e/08/11473a1ba2672c085ab5fae82cdcc98596ed67bdb5fb0aff19e347e574d6/arro3_core-0.4.2-cp310-cp310-musllinux_1_2_armv7l.whl", hash = "sha256:0c4f423e51022d20dbcb248dce82b209996057a90b4f8ac0610132c948a26e19", size = 2967077 },
    { url = "https://files.pythonhosted.org/packages/82/84/8a053bce0bfc8f944db646ec43f0b6a683ec498a4d9d7d484c60dad4cfb3/arro3_core-0.4.2-cp310-none-win_amd64.whl", hash = "sha256:7b82b5fcae218f5bc04c4d2966d0460aae7421191b420c44fd5ffe9fa2269251", size = 2350885 },
    { url = "https://files.pythonhosted.org/packages/ed/a0/e0f302bc8d1f71bdf1da35f58ceea87ce28f98c3c138e1a68fb9ca936db7/arro3_core-0.4.2-cp311-cp311-macosx_10_12_x86_64.whl", hash = "sha256:7132b800fb00f3b515e0c4ee0be4347d68ba0c83248f3cb12532811a074347b7", size = 2339721 },
    { url = "https://files.pythonhosted.org/packages/86/28/3cdbf0d84e3130ece43844c4d1ddd8c02913dfad48c1eaded684173a357b/arro3_core-0.4.2-cp311-cp311-macosx_11_0_arm64.whl", hash = "sha256:1dc027766e5ae91a8659113a32cc70a4a0146602d644d50254383a87e1b8d020", size = 2108762 },
    { url = "https://files.pythonhosted.org/packages/96/5f/408d99139bc1a1d445348876501e2a90df8c0c0d311cf13127e8b74f8dbf/arro3_core-0.4.2-cp311-cp311-manylinux_2_17_aarch64.manylinux2014_aarch64.whl", hash = "sha256:75bfacb4b0b62e92227bbf0b78f7a9e971382ca99eb8cc9ec13b01d3d169ad74", size = 2378271 },
    { url = "https://files.pythonhosted.org/packages/db/87/e2e7ec3ed0bb8576da5d50d4bcebcc6277aa0f38bc2daeef09f9b3ac2415/arro3_core-0.4.2-cp311-cp311-manylinux_2_17_armv7l.manylinux2014_armv7l.whl", hash = "sha256:0f6a80edb578a82c154254e6a1ae022aef8040d65e746515f98ec7a3c9977a3b", size = 2686987 },
    { url = "https://files.pythonhosted.org/packages/93/5c/a13ef6f2698e541965af600edf1863772de6e8936d565cda754d40a74e4a/arro3_core-0.4.2-cp311-cp311-manylinux_2_17_ppc64le.manylinux2014_ppc64le.whl", hash = "sha256:84874cb24aaea76845b6bdd633fc24cf2cb12fa25c6f65cbf5c1b3cda78671cd", size = 2468849 },
    { url = "https://files.pythonhosted.org/packages/e4/49/4784ccdcd9d5fb70a9bceaee3b3c1783c46e071c9155c675c65745381c77/arro3_core-0.4.2-cp311-cp311-manylinux_2_17_s390x.manylinux2014_s390x.whl", hash = "sha256:a710ea4003749272c0f98f34986686aed831de05fff03bab836dbd2c473bf652", size = 3430903 },
    { url = "https://files.pythonhosted.org/packages/80/2c/66016380d11e39e8f1f84f1390178af3b534a6fb71d1a896843f9c9b775d/arro3_core-0.4.2-cp311-cp311-manylinux_2_17_x86_64.manylinux2014_x86_64.whl", hash = "sha256:fbd621ccce42b30a5ab62f9587a9d11577bc3ad11fbe26af6756a44fb0beb122", size = 2466430 },
    { url = "https://files.pythonhosted.org/packages/1a/50/e5d8ff011ac5900bfff621356e726f3a7efbac19b9a92a2d75643123fc53/arro3_core-0.4.2-cp311-cp311-manylinux_2_5_i686.manylinux1_i686.whl", hash = "sha256:e1279a554bd04fa4b6f78af74cac181784796a8b22e26ee81d75d7a58d7b66e6", size = 2625081 },
    { url = "https://files.pythonhosted.org/packages/4b/f6/bc71e236a516ad247c87d0e34dd69657251ea0f5664d6b2228ad64663e0a/arro3_core-0.4.2-cp311-cp311-musllinux_1_2_aarch64.whl", hash = "sha256:c2c34c727e4f6bdbe03734a10d63b58f58a6fd3b1a31383d1a4ee6ab7dbf7eac", size = 2523557 },
    { url = "https://files.pythonhosted.org/packages/5c/ad/636640e9d6c1b2dc61decc85b0a2d859dfa09333c9840e5153f9046d66c9/arro3_core-0.4.2-cp311-cp311-musllinux_1_2_armv7l.whl", hash = "sha256:ff9173d2a8449774856dc490717ff049b763f19dbf6a8ceb6dda1e3993cd41a1", size = 2966756 },
    { url = "https://files.pythonhosted.org/packages/43/ca/be595d0b8ba2a1fdaa65203549ac77a094d80b6103861b5a963339a6c52a/arro3_core-0.4.2-cp311-none-win_amd64.whl", hash = "sha256:7dbab08ab5a11b53215761044ed5d488a9ed4565666af556829b1b90c668082b", size = 2350694 },
    { url = "https://files.pythonhosted.org/packages/f7/23/b456564a8eb2e3d50cc98e9c2e32c8709824ad70a6eb5eac9b828c7ebaaf/arro3_core-0.4.2-cp312-cp312-macosx_10_12_x86_64.whl", hash = "sha256:4818c4aaee1f7a82015ce12f25438c1c5fcfee8dfb7101c2c7111400d1d63d65", size = 2339593 },
    { url = "https://files.pythonhosted.org/packages/64/db/12669fde7619198e038b8f96885c895be0e80d3e5c758fbb6f644eef5ee7/arro3_core-0.4.2-cp312-cp312-macosx_11_0_arm64.whl", hash = "sha256:dd8afe0d87afc971543885307ad15595e4f4bf10cf07826289c71feca99c52ee", size = 2110199 },
    { url = "https://files.pythonhosted.org/packages/d2/40/04cdec23879ff91758b77d30209cad99330ca71a9d72245e144a1e8b3caf/arro3_core-0.4.2-cp312-cp312-manylinux_2_17_aarch64.manylinux2014_aarch64.whl", hash = "sha256:19bdef051ec52dde34f529f840f4432ce3fe6473dafd1300ed14a3cc2c84750e", size = 2379144 },
    { url = "https://files.pythonhosted.org/packages/ed/29/753df145b86984ad4521636f4f0694abda264cd40730939d0516646ea058/arro3_core-0.4.2-cp312-cp312-manylinux_2_17_armv7l.manylinux2014_armv7l.whl", hash = "sha256:17975f730e844655eb0e897abd60b5d796716fa1fe4ded586a66bc7b73a037c6", size = 2693330 },
    { url = "https://files.pythonhosted.org/packages/e5/71/47afa935bc7292c90762cd6e1c99f96238a79dbe49cf3bcf6ea4543b747c/arro3_core-0.4.2-cp312-cp312-manylinux_2_17_ppc64le.manylinux2014_ppc64le.whl", hash = "sha256:1a922fd0e592ea0aeca26eb8b3fee523d70028281d20d069a753a9cda48de85a", size = 2470944 },
    { url = "https://files.pythonhosted.org/packages/57/4a/f8f244337375fb8fca7413f7b31bd9895c53a8c27f131bf6fd4d238758ea/arro3_core-0.4.2-cp312-cp312-manylinux_2_17_s390x.manylinux2014_s390x.whl", hash = "sha256:ba82e64814e95b43059f19ba29f000e6faeedb95006f83e4b5bda3e24a7d4e02", size = 3432229 },
    { url = "https://files.pythonhosted.org/packages/ee/ea/607a57268e86069cb29314d9c4873a1e962b7e2f5597a72cc30e649a45b4/arro3_core-0.4.2-cp312-cp312-manylinux_2_17_x86_64.manylinux2014_x86_64.whl", hash = "sha256:207b37364b0cb3b57b6aee0662813b609943d3b8950ec7746a8f424a856d471b", size = 2469231 },
    { url = "https://files.pythonhosted.org/packages/c1/f6/52b4497dbfd6691d1db25f0d9508e87222826c58e944b7c25ea0d61ba4e5/arro3_core-0.4.2-cp312-cp312-manylinux_2_5_i686.manylinux1_i686.whl", hash = "sha256:ba5499d4f314458ed1c7a6eca56823a0f03ce387f22c71c5f1fe1ceff2acadd6", size = 2630985 },
    { url = "https://files.pythonhosted.org/packages/2c/41/b0375557090b3f5a6bddf575de0690b8a4e2e2cc24d1a62251c5a5b819e8/arro3_core-0.4.2-cp312-cp312-musllinux_1_2_aarch64.whl", hash = "sha256:55d7975169d676e64dcc5a69339ab6e2043cef654957b9121380abb9160cf8b3", size = 2518942 },
    { url = "https://files.pythonhosted.org/packages/5d/43/0ac2a65199491f1d6c778a73a0e84dee63d71c2b57281ea85b4a68ccaf52/arro3_core-0.4.2-cp312-cp312-musllinux_1_2_armv7l.whl", hash = "sha256:3c84d0249d1558c21e4f0cef0794ac33e222d495640c315a8b75756764403bbe", size = 2958466 },
    { url = "https://files.pythonhosted.org/packages/d5/f2/ad051d6c6fc204fdd98ab3d44dc34104d5096bb98b4ac6f1648855ea7baf/arro3_core-0.4.2-cp312-none-win_amd64.whl", hash = "sha256:9318084172d378b54ddbfe8048d59ea2918ad5ebf5b1bc0ad3c97d6e241264a2", size = 2356892 },
    { url = "https://files.pythonhosted.org/packages/88/43/d2641c39b459509492550ecca67a8df7dacf88f166c9a2dd08c84319c832/arro3_core-0.4.2-cp38-cp38-manylinux_2_17_aarch64.manylinux2014_aarch64.whl", hash = "sha256:5609b031e1156fd51a921632428cdbe0fb463c9aef1e20c968ede198b01031e2", size = 2379324 },
    { url = "https://files.pythonhosted.org/packages/a8/87/ed2c2704153d56ba1b7caa50049496ca38a48cde23f7012368c19e9e83ab/arro3_core-0.4.2-cp38-cp38-manylinux_2_17_armv7l.manylinux2014_armv7l.whl", hash = "sha256:d6fe170e058ca3c11262413cd2668113c37d9a3102534243e1398d91bec52634", size = 2688838 },
    { url = "https://files.pythonhosted.org/packages/9c/fe/0f342584d4e7000f53c64007173a331acdbb5fa88b2bbd8b274d4b86e225/arro3_core-0.4.2-cp38-cp38-manylinux_2_17_ppc64le.manylinux2014_ppc64le.whl", hash = "sha256:a9d3a63f88ef4c2d6b5a4e7d7cef579400f61ca3655d5c1846ac04a8996022c1", size = 2470693 },
    { url = "https://files.pythonhosted.org/packages/49/59/59d5e486411ec482452868ea64f3bc7963d4b5f76d4f4d23061aa49ff1a8/arro3_core-0.4.2-cp38-cp38-manylinux_2_17_s390x.manylinux2014_s390x.whl", hash = "sha256:db16916617b9214dbaec1babd6eefbeca68afc5c15dd04d63cbf6dccd3ba593b", size = 3436478 },
    { url = "https://files.pythonhosted.org/packages/04/c3/da27d3a191bddb88309fcc8e6337111747deefc38e639b4bdaa59ab8da5f/arro3_core-0.4.2-cp38-cp38-manylinux_2_17_x86_64.manylinux2014_x86_64.whl", hash = "sha256:3a13e1a72baa5157e487a5730afdacd04c7f53f592244f35292eccd650b77c0c", size = 2468899 },
    { url = "https://files.pythonhosted.org/packages/fa/dc/e5e29ebd5fedb3247873841f2940b2dd8624ae31db08647fe58f935bfacd/arro3_core-0.4.2-cp38-cp38-manylinux_2_5_i686.manylinux1_i686.whl", hash = "sha256:d16739e1eaf390929db425f658d396c1e9bd7fbd15ba1d58079c5395d9685c6e", size = 2626364 },
    { url = "https://files.pythonhosted.org/packages/9e/aa/0b3f868f31d580b99a6ab2a60d48a0969998cfe8cd8ca4354841b028f47b/arro3_core-0.4.2-cp38-cp38-musllinux_1_2_aarch64.whl", hash = "sha256:2cdf9b288c2eda8a819609be7b0cd45b7aa0701a2faf89fd8c08eae5fdf8dbef", size = 2525833 },
    { url = "https://files.pythonhosted.org/packages/a4/25/6f5deac6b706d32f8d550adaa2145f2899a9bd25e6ef1302c4224a6024d8/arro3_core-0.4.2-cp38-cp38-musllinux_1_2_armv7l.whl", hash = "sha256:ccbc0b2444f705e32c0a0bbaebfbb2578a9fb5a31f76aa8fbbc5c47bd54e2119", size = 2968901 },
    { url = "https://files.pythonhosted.org/packages/37/46/121b897cc0cf3c1d30e98582fb6a1a277c707982a2ae704e4c8c21b2ff78/arro3_core-0.4.2-cp38-none-win_amd64.whl", hash = "sha256:184638f7889dad437d2e80664d227f03cab2eb95243110694fb961deaa769130", size = 2352581 },
    { url = "https://files.pythonhosted.org/packages/7e/78/1b4e7de024b94be762abe99c0ddf3210cae6a3ebba63ca490a7b165b7828/arro3_core-0.4.2-cp39-cp39-macosx_11_0_arm64.whl", hash = "sha256:d3fc7dff046ba4a7d1171671a271b1ca28d4d84795d11f176b677c23134eb85a", size = 2109874 },
    { url = "https://files.pythonhosted.org/packages/f5/88/7886d4fc1f7ec87360ea0190f082dadb896933fffe587b1c19d4164c5556/arro3_core-0.4.2-cp39-cp39-manylinux_2_17_aarch64.manylinux2014_aarch64.whl", hash = "sha256:6afcc6114167ad9dff347e5e615a7df8adcebde4af46211cf55807ae0b938936", size = 2379416 },
    { url = "https://files.pythonhosted.org/packages/7c/c0/a8f14f76216213f5d69024befe963c7f6f9c339733ce942cbba34a0c2d89/arro3_core-0.4.2-cp39-cp39-manylinux_2_17_armv7l.manylinux2014_armv7l.whl", hash = "sha256:ce85e631d1d2f41d2e35fdf2e8852962943b266861849f6a728191a97ceeef64", size = 2689052 },
    { url = "https://files.pythonhosted.org/packages/14/10/293e184f503968f47771af58abe14b8f683bdcef2ec5c4bfdb66f39ebff8/arro3_core-0.4.2-cp39-cp39-manylinux_2_17_ppc64le.manylinux2014_ppc64le.whl", hash = "sha256:dd8b1782c000d570f2a390ed3cddcf8dfa8b8b5e78e23e4c44018cc15932e9bb", size = 2470741 },
    { url = "https://files.pythonhosted.org/packages/e2/aa/dbce952a802fb1a7a18d9586a97ca5079584ed2fbbb2288b78026c96c233/arro3_core-0.4.2-cp39-cp39-manylinux_2_17_s390x.manylinux2014_s390x.whl", hash = "sha256:34622078587a017cae18ee8615438e5d651e49e02474cafa8b7f038e59d56ea5", size = 3444592 },
    { url = "https://files.pythonhosted.org/packages/74/a4/0703e694259a6baf5072a2bdaef9162172eb799132b3d8fd548fb17ebe9a/arro3_core-0.4.2-cp39-cp39-manylinux_2_17_x86_64.manylinux2014_x86_64.whl", hash = "sha256:3dba37e822f9b47ba8ef324b36ef0c687a869c454dc6c7b06495e9af0493361c", size = 2468758 },
    { url = "https://files.pythonhosted.org/packages/71/c9/df706c33ee08b352a863e1f2a10d937ff1d8ec60f34c351d99168b5523b0/arro3_core-0.4.2-cp39-cp39-manylinux_2_5_i686.manylinux1_i686.whl", hash = "sha256:8e6d9a0a3e5deaeaaf2147bd2d7aa9b123710b0b8ab5c298d0ce7b20588e57b6", size = 2626314 },
    { url = "https://files.pythonhosted.org/packages/5c/c2/22857b94c2b89684dbbb5efb8247186edb1ad2f159cce5e6f3f3a7d43115/arro3_core-0.4.2-cp39-cp39-musllinux_1_2_aarch64.whl", hash = "sha256:700c628f4250818713f7e7d6891241286475a221d106a52b2695476874f57f7e", size = 2525260 },
    { url = "https://files.pythonhosted.org/packages/40/0b/2c63fa8c25028832a65030a0bf1613809449607b80f6d2916ba6da547aa0/arro3_core-0.4.2-cp39-cp39-musllinux_1_2_armv7l.whl", hash = "sha256:ffb08124400baecec32ce965be9bdf92f65f47ca5df1b8171564b55898aad707", size = 2969076 },
    { url = "https://files.pythonhosted.org/packages/5d/81/236d87e3c4eaff7ed7dcc1b12140086bc4bfe474b02145bdc629a0e0faf6/arro3_core-0.4.2-cp39-none-win_amd64.whl", hash = "sha256:5118f95d85ff25aa628179572479085cda2abcb0277fe0569b1fdfb59badb9f7", size = 2352128 },
    { url = "https://files.pythonhosted.org/packages/15/78/5dfb9ded5349914daa0bf241657580e443ff9c17dff25f42ffc43c74848e/arro3_core-0.4.2-pp310-pypy310_pp73-manylinux_2_17_aarch64.manylinux2014_aarch64.whl", hash = "sha256:5e28c2b208ce455a75dad8de73f6ac1d282d8dfa4b0dabf27f9c73920bc44530", size = 2376844 },
    { url = "https://files.pythonhosted.org/packages/44/f6/de068236c8ec27837d0a7874512873cedbb2f83e9b82c884803cc53ee46e/arro3_core-0.4.2-pp310-pypy310_pp73-manylinux_2_17_armv7l.manylinux2014_armv7l.whl", hash = "sha256:e0ae2eb0802f59310c4014dad6f0bda6f21ccadfc1bb86e1a8601d354ac148fd", size = 2685255 },
    { url = "https://files.pythonhosted.org/packages/68/9c/38c64751b65139685a7464841e6f3320e5dd7df86acea898eb7cd6011f74/arro3_core-0.4.2-pp310-pypy310_pp73-manylinux_2_17_ppc64le.manylinux2014_ppc64le.whl", hash = "sha256:bf646d4f5f46031bf5ec430b3beb7071ca08f5e7057163e8170c9fe9826c55ae", size = 2467314 },
    { url = "https://files.pythonhosted.org/packages/90/cb/4b49f55685771d9a825a841cbc49d8253296743c76d2654b00b7e3148a1a/arro3_core-0.4.2-pp310-pypy310_pp73-manylinux_2_17_s390x.manylinux2014_s390x.whl", hash = "sha256:082360665986302c8926497d6cabd32e1ae5695356a887d25f4886bcca5e468f", size = 3437400 },
    { url = "https://files.pythonhosted.org/packages/98/f5/fabb6809429a34e0947a74d5be6037c058a1321c37c3de9d7e6211a09b46/arro3_core-0.4.2-pp310-pypy310_pp73-manylinux_2_17_x86_64.manylinux2014_x86_64.whl", hash = "sha256:9aa96c469a601bef4f9e4873ba90ba21d8c55db8b9bc564767993cfed7af91e0", size = 2464860 },
    { url = "https://files.pythonhosted.org/packages/da/97/8d70ca8e6586b01a0e1f3d886f4cd7aacf1683cc498002fd266ae0bba019/arro3_core-0.4.2-pp310-pypy310_pp73-manylinux_2_5_i686.manylinux1_i686.whl", hash = "sha256:f8c4b18b60f2437e7453910b6ef67b6c9f21dbab621ea55cff3fbdd46d21104f", size = 2623209 },
    { url = "https://files.pythonhosted.org/packages/d1/47/b629893f52cf1b8c0b6e5a4219d7ebe3c15b4aa2d5607a59d2b77d7dfb32/arro3_core-0.4.2-pp310-pypy310_pp73-musllinux_1_2_aarch64.whl", hash = "sha256:c94b41691bd918e546c4527ac99d40771dceba78f4d5e17d102c9e75c89a7c1e", size = 2523026 },
    { url = "https://files.pythonhosted.org/packages/95/32/a422be50d50bc2c902fb8babffe9e9e4eb65baae021ca7117391abf67e71/arro3_core-0.4.2-pp310-pypy310_pp73-musllinux_1_2_armv7l.whl", hash = "sha256:56525947619bf974e2825ff64c72e37874779f07fd861498abd5977a30dfee17", size = 2966876 },
    { url = "https://files.pythonhosted.org/packages/29/88/928e145630c69c41ce224b23f9b645e7c852f3f76109bf4f6c9395763512/arro3_core-0.4.2-pp38-pypy38_pp73-manylinux_2_17_aarch64.manylinux2014_aarch64.whl", hash = "sha256:b7a7913aecdb8e03dbbe8c12d6b304cc6c199d149f4220afb4f55c0607443e22", size = 2378431 },
    { url = "https://files.pythonhosted.org/packages/b9/77/7bf40ea34477f92ad4c5d1136653c8607aca402795c4c9e41af583960f19/arro3_core-0.4.2-pp38-pypy38_pp73-manylinux_2_17_armv7l.manylinux2014_armv7l.whl", hash = "sha256:680489bc38c4a3d3de9b84b863c68901f9102e48cfb313ecfc0fc7124456b89c", size = 2687520 },
    { url = "https://files.pythonhosted.org/packages/af/a8/6ce8fed7f4335bdbbb8f8a0a8ee99715a1ce0f569f29ff5e747ee3b44039/arro3_core-0.4.2-pp38-pypy38_pp73-manylinux_2_17_ppc64le.manylinux2014_ppc64le.whl", hash = "sha256:e3e00ebb9504e18a25590a74142df68cb804b4adeeb5d6a2806e3c079d769fb1", size = 2469502 },
    { url = "https://files.pythonhosted.org/packages/ba/34/4e58eb2bf56bb3b3220aba8d4a322623e850b96bb5442b757622df0c62e6/arro3_core-0.4.2-pp38-pypy38_pp73-manylinux_2_17_s390x.manylinux2014_s390x.whl", hash = "sha256:fc2c1865e9ebabe85a966409c2c40cec14f49f8caf9e5b7135db4a63bb639148", size = 3440412 },
    { url = "https://files.pythonhosted.org/packages/4b/73/9a0475a630669c2eabb8557a4c5d57e0974b686d0c788ccb3a6163cda7de/arro3_core-0.4.2-pp38-pypy38_pp73-musllinux_1_2_aarch64.whl", hash = "sha256:5f24bbdcedfccc3eae049e7c87d8faa3cb4a36cd35a6946154edce5c2d227a6e", size = 2526053 },
    { url = "https://files.pythonhosted.org/packages/b0/19/d1a36669e128b52ca250ceca90f785178e32afeae5d9026b638fbab07e76/arro3_core-0.4.2-pp38-pypy38_pp73-musllinux_1_2_armv7l.whl", hash = "sha256:03437e244e4e417d8d6dd328f6cd6121ca127bd2394b027036709b31384294a7", size = 2969717 },
    { url = "https://files.pythonhosted.org/packages/12/34/0b905bb4737f3332608f13ac038e4fa630d995f71fca6145917e60d7134f/arro3_core-0.4.2-pp39-pypy39_pp73-manylinux_2_17_aarch64.manylinux2014_aarch64.whl", hash = "sha256:7f534af87fe6419e4f3b026d2738891b16e57dde05a2b4326113f673e3913c0a", size = 2377852 },
    { url = "https://files.pythonhosted.org/packages/f9/47/3e9dcb2c30a3ceab6d3688abe336d4e8f16ea53dac04bf2e3e63317fc183/arro3_core-0.4.2-pp39-pypy39_pp73-manylinux_2_17_armv7l.manylinux2014_armv7l.whl", hash = "sha256:34d009c4b4a4fecd5596210fc6fdc233fb0e53fae579170c9dd8921f739d6be4", size = 2687090 },
    { url = "https://files.pythonhosted.org/packages/29/a3/16c03c97fe545331dc71b09162989e18e63c6595179bf3f9b72a2e32c935/arro3_core-0.4.2-pp39-pypy39_pp73-manylinux_2_17_ppc64le.manylinux2014_ppc64le.whl", hash = "sha256:2af00c5f32f9ff4d75ef30fa1c8518f7235510109b6a58e7c0f19fba52023b93", size = 2469238 },
    { url = "https://files.pythonhosted.org/packages/09/5c/5cfc494127d91b5ad46c58ea50125f94820869868429f134abb64265040a/arro3_core-0.4.2-pp39-pypy39_pp73-manylinux_2_17_s390x.manylinux2014_s390x.whl", hash = "sha256:aa6c434ff9528dac250a67d0baf4e1d861dce6467056d41f26acca0171db7460", size = 3439920 },
    { url = "https://files.pythonhosted.org/packages/d6/08/f73add62372e07a7a2be45d4df39db53410b1c4beb9cd45f15b200182506/arro3_core-0.4.2-pp39-pypy39_pp73-manylinux_2_17_x86_64.manylinux2014_x86_64.whl", hash = "sha256:5e5486c15ee3ff1b2b207717b538f6c95ef1f8903897177a63acc20e98fc8512", size = 2467579 },
    { url = "https://files.pythonhosted.org/packages/5f/7f/c968e4cc7038d87495ebdfd829462c66b6f9ef6ecb8371b4008a6ee90a1e/arro3_core-0.4.2-pp39-pypy39_pp73-manylinux_2_5_i686.manylinux1_i686.whl", hash = "sha256:d87fddaaa490205f44abe892e9b9111be7db17d21faa3515092f03e71cdafc71", size = 2624307 },
    { url = "https://files.pythonhosted.org/packages/86/8a/c2441c5b1a7e2d1e4100a6bd0af09e75b58f115b1f79227e821bbd455c66/arro3_core-0.4.2-pp39-pypy39_pp73-musllinux_1_2_aarch64.whl", hash = "sha256:4e199de0338b19ffc6de31b4666c524d4c6667883b92e320344b286e9e16d963", size = 2525595 },
    { url = "https://files.pythonhosted.org/packages/de/73/3e9314c92b60dbf4d07391628749076b5c5d31bc7235e2c03288f6a36cb1/arro3_core-0.4.2-pp39-pypy39_pp73-musllinux_1_2_armv7l.whl", hash = "sha256:2321128c17aa90442aee92a9aeb1fdbd98255a6b14c720dc7682681eeb566ed0", size = 2969304 },
]

[[package]]
name = "arro3-core"
version = "0.5.1"
source = { registry = "https://pypi.org/simple" }
resolution-markers = [
    "python_full_version >= '3.9'",
]
dependencies = [
    { name = "typing-extensions", marker = "python_full_version >= '3.9' and python_full_version < '3.12'" },
]
wheels = [
    { url = "https://files.pythonhosted.org/packages/d9/eb/2a166478dfc951958bf4cd33891bfa346ab9c53c3a87f5ffe99dbe981577/arro3_core-0.5.1-cp310-cp310-macosx_10_12_x86_64.whl", hash = "sha256:a85c4d78fb4a3e3b216b01e44ac16121a06e80169555cd0f7b8fcf038a6c14b3", size = 2448695 },
    { url = "https://files.pythonhosted.org/packages/1c/c0/2b1719accd4cc2f81bd36ad79a16750a63e0d7a5132e43115b586d52e21d/arro3_core-0.5.1-cp310-cp310-macosx_11_0_arm64.whl", hash = "sha256:2dd7a3b78c8936407e4eebbbe3134410d1be0c51fb697a8b8a5c8118690190a9", size = 2155415 },
    { url = "https://files.pythonhosted.org/packages/9c/dc/6bcb859c4a83fff95b2ccc906c027db1f0396610a57bafc90bd933dcce83/arro3_core-0.5.1-cp310-cp310-manylinux_2_17_armv7l.manylinux2014_armv7l.whl", hash = "sha256:fae76973505d64cebf26a30c78d37a5a1fe012b3d6a6c682fea33ebd1dfc4d99", size = 2594341 },
    { url = "https://files.pythonhosted.org/packages/6f/48/109cf08ca7532636d4c356a421e1620e7b01fb6882e12b6afbfa4b933c38/arro3_core-0.5.1-cp310-cp310-manylinux_2_17_ppc64le.manylinux2014_ppc64le.whl", hash = "sha256:2c65d5ffb89cf9bcc62bb7f64beb049877ca03b504841ffc3cab6e853a13637c", size = 2637344 },
    { url = "https://files.pythonhosted.org/packages/b2/4b/5a9dfc81195c8fcf2f99f9cb8f3d8c23ca9da541964d44e409a01ab06d3b/arro3_core-0.5.1-cp310-cp310-manylinux_2_17_s390x.manylinux2014_s390x.whl", hash = "sha256:ad9e3e69a0888bf1cd2c9cf2e7d60787ac9bf3b9508937bfb6ff55aba9a6b56b", size = 2878497 },
    { url = "https://files.pythonhosted.org/packages/f1/26/a2a0685f3648afb20bbe4920cee6dc8a29b9942fa8c0190f6a8fc3ad4ef3/arro3_core-0.5.1-cp310-cp310-manylinux_2_17_x86_64.manylinux2014_x86_64.whl", hash = "sha256:36484d31141691c48d6e48f1c387d3b19fe5a814ffcde26b2ac04ebe68f81c76", size = 2540359 },
    { url = "https://files.pythonhosted.org/packages/64/40/6b22f0f094d905d610945a9b7d4662d5f143f6638c37e89fb888443aee64/arro3_core-0.5.1-cp310-cp310-manylinux_2_24_aarch64.whl", hash = "sha256:78942ee33f55758ce0138b30377185f2d93b9221fb5c239075b56159b3e3fb5b", size = 2289699 },
    { url = "https://files.pythonhosted.org/packages/cf/46/eebe9826aeca54bc04bf8ed6e9506134dcf1d02a960482b0164a98d51800/arro3_core-0.5.1-cp310-cp310-manylinux_2_5_i686.manylinux1_i686.whl", hash = "sha256:063b9ffe896dbd01649eb46d04b55f19eb6bc7fa505d1781d64308e13a2510cc", size = 2723968 },
    { url = "https://files.pythonhosted.org/packages/90/bc/5c2361010692854efb47211e15eeeb9cef02eb037dbb95b9dd68b4554ba7/arro3_core-0.5.1-cp310-cp310-musllinux_1_2_aarch64.whl", hash = "sha256:a818344b61b59c09c3f6550c03e5b01678535160b35d38eaa5f988667df69187", size = 2435669 },
    { url = "https://files.pythonhosted.org/packages/39/0d/1fef7dcca81696bdea0e79971155b114fb3fb204f177eed25a07f856f57a/arro3_core-0.5.1-cp310-cp310-musllinux_1_2_armv7l.whl", hash = "sha256:60fa11fe05f3b48e7b37c1d4f12d94ef678514d2e908033ac30d10d04b1bd957", size = 2869358 },
    { url = "https://files.pythonhosted.org/packages/cc/02/1196e7f795658a5ef7c4b5811fe84845025e7baf391d05be36e763336156/arro3_core-0.5.1-cp310-cp310-musllinux_1_2_i686.whl", hash = "sha256:8d1ce524ca27598154f84cf980c6fa4baf0c1379584de2e922e88905dfb939dd", size = 2797000 },
    { url = "https://files.pythonhosted.org/packages/1c/ea/31bc0bc32ad3e22a937c866b685e0b1123f4747dabc23703531d7626a5d2/arro3_core-0.5.1-cp310-cp310-musllinux_1_2_x86_64.whl", hash = "sha256:2546df75769b60bbd74aa7a169cd538e909aabf2200a99edfdda542e560b5c11", size = 2709346 },
    { url = "https://files.pythonhosted.org/packages/fb/2c/6bfb3a4cd26b1fed099767e124063f0b4fe5e7f0cab0160004ba5900cad0/arro3_core-0.5.1-cp310-cp310-win_amd64.whl", hash = "sha256:d89350dc36f58c9c0fb941fbcd46e2e00f76f3438844ef3dce2419ce64631739", size = 2611596 },
    { url = "https://files.pythonhosted.org/packages/86/45/c2540f04330f52f431a0ca0824c15d86fc38dd8b3f2af027a41a90ea91e7/arro3_core-0.5.1-cp311-cp311-macosx_10_12_x86_64.whl", hash = "sha256:e6c43f2f59cd43044663969031c4ef29aab76247b5bda74800187a8b9bda3b9e", size = 2448953 },
    { url = "https://files.pythonhosted.org/packages/4b/8f/9fc60dcc201f72f3d9d2ca86b61ff374eb640b58a65660b8de2ac53654d6/arro3_core-0.5.1-cp311-cp311-macosx_11_0_arm64.whl", hash = "sha256:006214e68df6f66bbd1712989258cac2b307085627962348749cc2802b843f25", size = 2155535 },
    { url = "https://files.pythonhosted.org/packages/5e/9e/4e6a3c41b52b08b8f34f7830df2a0e499d3e4ab43c6d45984e2af13fa780/arro3_core-0.5.1-cp311-cp311-manylinux_2_17_armv7l.manylinux2014_armv7l.whl", hash = "sha256:be77d366d43025599a5a0c520cced43c181f750cf6bcc174a72a97a7338f9e37", size = 2594752 },
    { url = "https://files.pythonhosted.org/packages/bd/77/94d8099c8fbfe3489ec92da76f65844b276f82b18d9cb6a547a717bd38cc/arro3_core-0.5.1-cp311-cp311-manylinux_2_17_ppc64le.manylinux2014_ppc64le.whl", hash = "sha256:ca7cba980b3d2e3552dd06da67c8c298d970bd9430ed661a2316c893bfca3873", size = 2637291 },
    { url = "https://files.pythonhosted.org/packages/ff/22/050c75161bcbe2e6b3ff5f8de11f760a376523fa905f4787b09bab65a4b5/arro3_core-0.5.1-cp311-cp311-manylinux_2_17_s390x.manylinux2014_s390x.whl", hash = "sha256:1866f014ca091049692d81601760b65fdad7b779d9c73698f709cd6ee4e8b5c3", size = 2869405 },
    { url = "https://files.pythonhosted.org/packages/ac/88/87a3293db47dab5b23ecd910532f02c56d15f52920fc5d72404935126345/arro3_core-0.5.1-cp311-cp311-manylinux_2_17_x86_64.manylinux2014_x86_64.whl", hash = "sha256:2e1433e98b4385f2565c59d69c1bbb4f18da7d2693d2d9712e219e020e8f9025", size = 2540544 },
    { url = "https://files.pythonhosted.org/packages/71/e8/f85ce3be71c967b24e96c3af589ae3390548ab0d9fd69d5ed535225fd620/arro3_core-0.5.1-cp311-cp311-manylinux_2_24_aarch64.whl", hash = "sha256:afba61734d4fc772ddf26888c299f94157e530a080835a981431a37398168fd6", size = 2289505 },
    { url = "https://files.pythonhosted.org/packages/9c/4b/432eb5135fbcc5d8770ad7bd4193545e97588caf1f690d4f724bbb927632/arro3_core-0.5.1-cp311-cp311-manylinux_2_5_i686.manylinux1_i686.whl", hash = "sha256:69b8885acf0e94b54adb6f060b4c41ee138d171b37a6356b690bece6b911565d", size = 2724357 },
    { url = "https://files.pythonhosted.org/packages/83/91/056ab3166c5e562eab66477f573aff02bb4b92ba0de8affffd1bace6e50c/arro3_core-0.5.1-cp311-cp311-musllinux_1_2_aarch64.whl", hash = "sha256:2fe8f6d43697719abf822f9f02df7547681669c092b41bcee2b3a689f99e1588", size = 2435801 },
    { url = "https://files.pythonhosted.org/packages/5a/5f/b7a6a2106ba508e20f9788bb53c71b56211defd3729c7bcfe6ec09d36fd1/arro3_core-0.5.1-cp311-cp311-musllinux_1_2_armv7l.whl", hash = "sha256:a2aa298a78135d993e9257f110ac140e008d7bdc11eb23d8bc1c02493afbdf5a", size = 2869804 },
    { url = "https://files.pythonhosted.org/packages/f6/e3/d95fbff21b27b06faa892c65621ea429391d0bfb926cdeb557db2d452a33/arro3_core-0.5.1-cp311-cp311-musllinux_1_2_i686.whl", hash = "sha256:508688336dfc4667f8571115924857ae4629044ebeb4d3dedeabc33e287b2bca", size = 2797201 },
    { url = "https://files.pythonhosted.org/packages/45/07/7ab65b01110e9459db2f2d37972826aa31a367ee98e95c7664f0eb13963d/arro3_core-0.5.1-cp311-cp311-musllinux_1_2_x86_64.whl", hash = "sha256:31463bda8a942f5ae0e4a06c8fbe2424367b820d93f6f3b82c6f775f9a966780", size = 2709306 },
    { url = "https://files.pythonhosted.org/packages/a7/15/0bebe279425bb70bd0a712dd45dcb4418deb9f32057ff5b9efd7947a65d3/arro3_core-0.5.1-cp311-cp311-win_amd64.whl", hash = "sha256:0223d878f5f23c17600cab853cecce963c38fe365efa5f157f016706314018f1", size = 2611539 },
    { url = "https://files.pythonhosted.org/packages/c9/9c/af3c6127548630beaa319746770265b2fb996bb3e6dba8d16f78910bc070/arro3_core-0.5.1-cp312-cp312-macosx_10_12_x86_64.whl", hash = "sha256:afccbaf951a84d6eafb4384692ea557ad06887c6db8825e9417647f805735936", size = 2438592 },
    { url = "https://files.pythonhosted.org/packages/d8/50/057c93a846bbc5e5e55a976ea4fc00255332f64e5f9b1abfc218bb184f48/arro3_core-0.5.1-cp312-cp312-macosx_11_0_arm64.whl", hash = "sha256:37325ec2f47a4dce40fa871935000708b545f3981c8e2bde7d7a031f2e098865", size = 2145488 },
    { url = "https://files.pythonhosted.org/packages/1f/8c/cbb785ecb9a0df254f5a761fc5ac7c8c5a6f93b0116e994ecf2797984f80/arro3_core-0.5.1-cp312-cp312-manylinux_2_17_armv7l.manylinux2014_armv7l.whl", hash = "sha256:63ac803d46127d8c01bc4ffbb5911f10e51c063c9bcc76ba0258378bda683383", size = 2592145 },
    { url = "https://files.pythonhosted.org/packages/d1/ee/405d2bdb88a97f03fb64f2cb655274f58439f8aa6e3cf9d2034581899edb/arro3_core-0.5.1-cp312-cp312-manylinux_2_17_ppc64le.manylinux2014_ppc64le.whl", hash = "sha256:dbaf8ccce7637631ed5dc7d53b58aaa0f8c7e935b772ff10a31c9cee571b799a", size = 2637122 },
    { url = "https://files.pythonhosted.org/packages/6a/0c/9f611398d63b686ea990d6dcf88a98ec7bc66a78d12c27829f80bf8696bc/arro3_core-0.5.1-cp312-cp312-manylinux_2_17_s390x.manylinux2014_s390x.whl", hash = "sha256:5b76a47e326311dea3b8ff302ec0d2741d85a7736be472e39314a87569e4552c", size = 2876345 },
    { url = "https://files.pythonhosted.org/packages/d8/57/1bc7bd889c65d190a7ce609a720b16f0280e84da87f1c408c34fd099ecaf/arro3_core-0.5.1-cp312-cp312-manylinux_2_17_x86_64.manylinux2014_x86_64.whl", hash = "sha256:4331989dbbeb6c47db6ee4502df940e90a04b1066bc4d044b9f3c273eb5a0aeb", size = 2537679 },
    { url = "https://files.pythonhosted.org/packages/ef/29/9a692f67bdcf2bb07a2635d526ee8751db0676fdb6074d2eee64918ec7db/arro3_core-0.5.1-cp312-cp312-manylinux_2_24_aarch64.whl", hash = "sha256:b9ec0d1e4ffe4cc831dfe67fcb0ca9b263743ca56f47bd433ee53af1993687a9", size = 2286635 },
    { url = "https://files.pythonhosted.org/packages/2f/23/b37f5eb6db22d02e0c23b502e4d29d85cb8483706feb76a1a2b5b33498f7/arro3_core-0.5.1-cp312-cp312-manylinux_2_5_i686.manylinux1_i686.whl", hash = "sha256:ce7009d5b24c21b641d9e254d81ff7e3f89f8bc20100d4f56e36211ccc72a897", size = 2722295 },
    { url = "https://files.pythonhosted.org/packages/e7/bf/7cc411fbbf78049c0c3395c5757f51df569dee1f20d212a9822ead974315/arro3_core-0.5.1-cp312-cp312-musllinux_1_2_aarch64.whl", hash = "sha256:924ce175770c6dc351ff9482a716de6d54afff817d340bea1902f60c9c8edec8", size = 2431978 },
    { url = "https://files.pythonhosted.org/packages/73/0a/52d132ca671739f6c82529a4cc75d4872b9ca0a52dce4b8e7c930af5adf1/arro3_core-0.5.1-cp312-cp312-musllinux_1_2_armv7l.whl", hash = "sha256:aa6a8c4bd99f846fcd7f593f1177c0cf248f6c447c9f612cf336b6426ab53429", size = 2866622 },
    { url = "https://files.pythonhosted.org/packages/df/7d/925aa386f08a4f0e6b1f54625c8b7536fb3c6f1335377c553fc16b330e75/arro3_core-0.5.1-cp312-cp312-musllinux_1_2_i686.whl", hash = "sha256:7cbec3c4422fbfc41efb68def5020377134ff64cda9ce6f302ed93a600765906", size = 2793027 },
    { url = "https://files.pythonhosted.org/packages/4e/0c/dd4a90153fefa49829b20358c6f23b7d33c2613b6e05f2956e4775a9e0a1/arro3_core-0.5.1-cp312-cp312-musllinux_1_2_x86_64.whl", hash = "sha256:3485b3f00366407960f30b4b5032fdfeea87cdb103b493c38ad0592534ba9f0b", size = 2706493 },
    { url = "https://files.pythonhosted.org/packages/45/54/f6aafaef5388fe260e4bc02d00442e8bf2f9966637b2ddcb1661d8366c59/arro3_core-0.5.1-cp312-cp312-win_amd64.whl", hash = "sha256:36ccfc7316f5aa534ee0d647720932bf6c18546e55034dadea625a9bb84c9baf", size = 2612703 },
    { url = "https://files.pythonhosted.org/packages/ce/3f/52336dca7f4784b778d458f7071e5746db33825cb57509fd35196522e5df/arro3_core-0.5.1-cp313-cp313-macosx_10_12_x86_64.whl", hash = "sha256:bb7fba3c4324db78615b5440ac51f46022ce7674489d96f8916491c117102e47", size = 2438140 },
    { url = "https://files.pythonhosted.org/packages/b0/02/32d2c8fa81b33e587b9b6be0a71a0e46523f50f1b20d1903b0fb3f1d9cad/arro3_core-0.5.1-cp313-cp313-macosx_11_0_arm64.whl", hash = "sha256:39bad825cb042f22be5f5ab019844541398a3393d154e3675013b4ebb825b3b9", size = 2145410 },
    { url = "https://files.pythonhosted.org/packages/d1/72/4632d4240f2d10de16050314263932c80a7bfabab22688e3dcdc1505a0d6/arro3_core-0.5.1-cp313-cp313-manylinux_2_17_armv7l.manylinux2014_armv7l.whl", hash = "sha256:c6520a6cc6e22fe2f8064dc8e4f93961e05fb9a486c921f71a5ef49843c27d24", size = 2591203 },
    { url = "https://files.pythonhosted.org/packages/03/c6/8fd3fcf7a1ccfaeb62827457785293a5ad1a8bf44623903d7e5d99212cb5/arro3_core-0.5.1-cp313-cp313-manylinux_2_17_ppc64le.manylinux2014_ppc64le.whl", hash = "sha256:63e9e96c034177721b8d5af36d4deff3e93411a24b009b4565e08711cddbbc75", size = 2636665 },
    { url = "https://files.pythonhosted.org/packages/6a/84/f5df7ed0eeb1fdaa3cd4d19fb829dca791c3b5108e5f5350a50ff34da914/arro3_core-0.5.1-cp313-cp313-manylinux_2_17_s390x.manylinux2014_s390x.whl", hash = "sha256:639083eb1712bd39540761a25ab786ba9cb51e0710bb77b21499a2914ba076d4", size = 2883496 },
    { url = "https://files.pythonhosted.org/packages/b4/e1/6ab0dd6f362f95ef855d2ba7aacf55c9dd08c55a3d8c5339eafa20f3e0f3/arro3_core-0.5.1-cp313-cp313-manylinux_2_17_x86_64.manylinux2014_x86_64.whl", hash = "sha256:c4876a3c34bd54d970c498e2f61bfb7e36306934fd6acbfa5de497f093972bf0", size = 2536753 },
    { url = "https://files.pythonhosted.org/packages/53/20/b0d9bd9b6ccac1c53abb29961046364fb1fba84e9ebd3726ff996bb07b53/arro3_core-0.5.1-cp313-cp313-manylinux_2_24_aarch64.whl", hash = "sha256:a4b93fcc5464bd2b638402b56032a1d3cecb78d668d0aa1035d2ee7ee7487abb", size = 2286389 },
    { url = "https://files.pythonhosted.org/packages/49/21/8338d0a2ede9128dc46f44601b584ec3544f9ee2d43c841307d563e8cdfa/arro3_core-0.5.1-cp313-cp313-manylinux_2_5_i686.manylinux1_i686.whl", hash = "sha256:8effd284a02b2a685736eb0365528842992a770a3bf544ece4ccc0ed9a7bf703", size = 2721899 },
    { url = "https://files.pythonhosted.org/packages/67/96/f90db955ed8b8d422d09b15e3b1f759a02e4700021f2e4ac68dd5cedca51/arro3_core-0.5.1-cp313-cp313-musllinux_1_2_aarch64.whl", hash = "sha256:cbc512e90647176528ea09ac18a5d27a47a0ac05755b7924ffcb89923dbf6e38", size = 2431834 },
    { url = "https://files.pythonhosted.org/packages/88/f3/c58d9769d46b13f6d51ff5998885396ef224eb384a0ebda236ef26a833a7/arro3_core-0.5.1-cp313-cp313-musllinux_1_2_armv7l.whl", hash = "sha256:d4d0141a6b7f5744750cc4066f564cfd509df6857704a2a9a29946a7c2f08f2b", size = 2866047 },
    { url = "https://files.pythonhosted.org/packages/7c/7a/af901793fa426e8b86194654820c3612001b165b25f3bd7adde8d9e7bef4/arro3_core-0.5.1-cp313-cp313-musllinux_1_2_i686.whl", hash = "sha256:f8c14b496f93906125baccef75703f0ea1c91608c201296bc21a1e916e5eb42c", size = 2792693 },
    { url = "https://files.pythonhosted.org/packages/2e/97/651eb8358d64d2bf5353db3d31ae6cb06529a07d2be699aa6a27434c6811/arro3_core-0.5.1-cp313-cp313-musllinux_1_2_x86_64.whl", hash = "sha256:40e9db9564f22286310c5304884468b98d4eeb628f71c22f27d527e4219ae247", size = 2706150 },
    { url = "https://files.pythonhosted.org/packages/f3/af/0d591453490941e7cd2524ccac0398824eabafa745d0a25a758b1de2e361/arro3_core-0.5.1-cp313-cp313-win_amd64.whl", hash = "sha256:bb0b13975c5394cb6a9887495aaf06cad8993893f99911c8aa2b827cd55dd6a8", size = 2612300 },
    { url = "https://files.pythonhosted.org/packages/43/3a/fac6e4a29a9a1d7b08b655bda59c584d30a8f0aec02cc2df153078b42ff3/arro3_core-0.5.1-cp39-cp39-macosx_10_12_x86_64.whl", hash = "sha256:e4a7106cbc62c4d4bbd9a165caf339782297187279449dfcc4b8f23abcb02403", size = 2450490 },
    { url = "https://files.pythonhosted.org/packages/d6/f3/a83a16f5da5b5c9067f411206adbb571da0e148a1ecc7f1afd8aa89080dd/arro3_core-0.5.1-cp39-cp39-macosx_11_0_arm64.whl", hash = "sha256:7d0f60e5a1792fbaea2f00be874d2e71494f45c3c501d6f62b99d3186e7cf49e", size = 2157333 },
    { url = "https://files.pythonhosted.org/packages/83/60/5f1e3d0ef1fe765072814bee73137c161ee5de9a96bb7693df0951d8b811/arro3_core-0.5.1-cp39-cp39-manylinux_2_17_armv7l.manylinux2014_armv7l.whl", hash = "sha256:b356e1f7007c5891484b3921018f446d19ec035942c1f2bddc2191bef1985301", size = 2595050 },
    { url = "https://files.pythonhosted.org/packages/26/63/8b8a9f71280083bfd6176dfbf58a7029e52ec36a7cb0b68ba8bf4e935c6a/arro3_core-0.5.1-cp39-cp39-manylinux_2_17_ppc64le.manylinux2014_ppc64le.whl", hash = "sha256:836f8cb2ac565cf99480217ad4a6090130ee259030a52960ccbf546a98c1ac17", size = 2639230 },
    { url = "https://files.pythonhosted.org/packages/46/ca/997c7eb14ad622aff15b2914171d2636b1a389697a129ced923935bb104c/arro3_core-0.5.1-cp39-cp39-manylinux_2_17_s390x.manylinux2014_s390x.whl", hash = "sha256:c7b677bec2e7f83efba4cb2a2be1e0f82acbb597903d7a117bdac1f8fa25bb2e", size = 2874368 },
    { url = "https://files.pythonhosted.org/packages/79/5d/1ca9dc5e70a6abeaf06df655c672d5750b35fe20ab0dc0b6c10839838ccd/arro3_core-0.5.1-cp39-cp39-manylinux_2_17_x86_64.manylinux2014_x86_64.whl", hash = "sha256:b8437fc8cf1de0bd1a19300e46c4874c9b824bb41ebb601f79b83b6caf83dc6d", size = 2542295 },
    { url = "https://files.pythonhosted.org/packages/48/10/6c0f994e3cc9583aae74b3f98549ede71bdecc5a40ddce65d153456ea5b6/arro3_core-0.5.1-cp39-cp39-manylinux_2_24_aarch64.whl", hash = "sha256:6f90bd19de1e89d8277f1d99099ae10ff0cc97f2840b665f50a0781c75d3768d", size = 2291141 },
    { url = "https://files.pythonhosted.org/packages/92/01/087dfb3a69d3c6c92677b8ff56e008488bbf21bb76ea15ad78ab7b9a8a99/arro3_core-0.5.1-cp39-cp39-manylinux_2_5_i686.manylinux1_i686.whl", hash = "sha256:04f0ed55e731f322de91daeca61431b9a3e4eea1b971027f63598b7969a0a23c", size = 2725379 },
    { url = "https://files.pythonhosted.org/packages/fb/f7/e96f99a4c01b144970f391deeee93fb69a9754c53cac7073096beb4daacc/arro3_core-0.5.1-cp39-cp39-musllinux_1_2_aarch64.whl", hash = "sha256:7ad469bdf1480b50ff80d5f7acae35d0e1c5e8afcd11ff4970b8c76628ede1cb", size = 2436847 },
    { url = "https://files.pythonhosted.org/packages/f9/38/3dfd90970301c78d26cc46e1b5b3471226304adc77bc13e7ad28b06069c7/arro3_core-0.5.1-cp39-cp39-musllinux_1_2_armv7l.whl", hash = "sha256:5de72993c3e2d82158d828f94df283d682486f44d4933a5e824783a0cf45e70c", size = 2870734 },
    { url = "https://files.pythonhosted.org/packages/f6/e4/50525af3a14bf4edf282db1ea3f57f3476beb392d9f72d2c163096e5ca6d/arro3_core-0.5.1-cp39-cp39-musllinux_1_2_i686.whl", hash = "sha256:63024be975f9c91ea085f86b2ae3549c778263066ee289ce3b883d4f6a41ff04", size = 2798224 },
    { url = "https://files.pythonhosted.org/packages/c2/7e/905f690848d7502f29c0c9d34eb9ba9fb68dc8862313c9abc3572205c908/arro3_core-0.5.1-cp39-cp39-musllinux_1_2_x86_64.whl", hash = "sha256:c33a92b5067152d73662e280e8e626b8ac3154fd5f34b315a24aedd4abe13c22", size = 2711253 },
    { url = "https://files.pythonhosted.org/packages/48/d8/caea1d9e373e20f251c12bc1a0a29ac0ccbfa23d25d08752bbaf2a21ed7c/arro3_core-0.5.1-cp39-cp39-win_amd64.whl", hash = "sha256:b57d2da2fff0fdbad9d96a214037eb458915522be5621f5da346716c67ffc272", size = 2612668 },
    { url = "https://files.pythonhosted.org/packages/74/5c/c7135425c172d7fbc94c47ab48d46431d52df5b5f888bc140f7b2b710037/arro3_core-0.5.1-pp310-pypy310_pp73-macosx_10_12_x86_64.whl", hash = "sha256:f778d41f63cadb1b9e6bce3446e2758db271bc9b81878617232729053c7520fc", size = 2447436 },
    { url = "https://files.pythonhosted.org/packages/5e/2c/b7f94e70101abaafa78a36445fdeadfc4461535a0acf55cd9c20bdc7e2b3/arro3_core-0.5.1-pp310-pypy310_pp73-macosx_11_0_arm64.whl", hash = "sha256:4df0b8594518bec2602d1b289dbabf22b9b0b63affc90ff0d6107990208c5e67", size = 2154852 },
    { url = "https://files.pythonhosted.org/packages/7d/05/020b1cc1449755d35ba91d814d047fa20d18b9fb577a9fe9b87c72a1a217/arro3_core-0.5.1-pp310-pypy310_pp73-manylinux_2_17_armv7l.manylinux2014_armv7l.whl", hash = "sha256:1165f2973c7472e564cef53505cc55852991733f00991b42d011d0f76c4c4c4a", size = 2593644 },
    { url = "https://files.pythonhosted.org/packages/f8/92/5160d6adaad3a1db443ff5409353ec4df82d2068a8ed9b8e738036325c3c/arro3_core-0.5.1-pp310-pypy310_pp73-manylinux_2_17_ppc64le.manylinux2014_ppc64le.whl", hash = "sha256:abafcb7f2fe892700e5821b5158c98fad772a2c7412c9b35e4174ed919e24ed4", size = 2635380 },
    { url = "https://files.pythonhosted.org/packages/53/21/4aa439cc2b597e0de66aef03f0f509afe206547b0794ce0ba004134fe716/arro3_core-0.5.1-pp310-pypy310_pp73-manylinux_2_17_s390x.manylinux2014_s390x.whl", hash = "sha256:93120f0de07f2cac507219e74ef25a95a10fc5ec5a2d51c2fd117db2929220df", size = 2867549 },
    { url = "https://files.pythonhosted.org/packages/5c/01/1338fff3c27366cd9ffc444c96aa74bfea3dc8ebb9dea4ee33346d74bccd/arro3_core-0.5.1-pp310-pypy310_pp73-manylinux_2_17_x86_64.manylinux2014_x86_64.whl", hash = "sha256:657896fc1e50e39d6ad9261f15cca103f26a7213dc30a6300dbcec6c5cc5a72d", size = 2539421 },
    { url = "https://files.pythonhosted.org/packages/bc/78/3660ee1f71074a5195ae96c0cc9b58464c588705a5a93cc26b4f23a51cac/arro3_core-0.5.1-pp310-pypy310_pp73-manylinux_2_24_aarch64.whl", hash = "sha256:a8a6df4af193898b6e09902ba76a9c0c8699efaf91b3cff87d5f49cc97e04544", size = 2289147 },
    { url = "https://files.pythonhosted.org/packages/85/cb/37d165bdb1633249e2e987d52d00308f790b4d24121b2a0a2a7817e1f8bb/arro3_core-0.5.1-pp310-pypy310_pp73-manylinux_2_5_i686.manylinux1_i686.whl", hash = "sha256:0d3faf92e45b479cd5556370db1c8895f153d9f59c52fdbd85af751838c8b218", size = 2723645 },
    { url = "https://files.pythonhosted.org/packages/40/18/3edf9949cc09f9545e06abe8fd2b92eff71e86f8927062a3ab8cb1320377/arro3_core-0.5.1-pp310-pypy310_pp73-musllinux_1_2_aarch64.whl", hash = "sha256:07e358e8ea9c7b8fa38af79d0942b1e3174123541584370e9020394101d4198a", size = 2434306 },
    { url = "https://files.pythonhosted.org/packages/87/2e/98a874f5f3b3baf911d8b87151b6654ac161ccb09ebb2cf621ac4da2edc3/arro3_core-0.5.1-pp310-pypy310_pp73-musllinux_1_2_armv7l.whl", hash = "sha256:70cfb884cfb465f4c0143a38e172a6de4a904afe884bd6773a89c4c6659c41e7", size = 2868790 },
    { url = "https://files.pythonhosted.org/packages/1a/4c/0f7aa37d3374a82fa084517ac353378fc397685422ee1eac8884044cd487/arro3_core-0.5.1-pp310-pypy310_pp73-musllinux_1_2_i686.whl", hash = "sha256:9f47326af6c10cec993cee9cbcc4e554dc0c06269e2ba6f83c68235ae13ee98c", size = 2796671 },
    { url = "https://files.pythonhosted.org/packages/0d/90/1c0714e2c1af68229e8d49c53a861399654b26152a19306927e48740dbd1/arro3_core-0.5.1-pp310-pypy310_pp73-musllinux_1_2_x86_64.whl", hash = "sha256:5832859f53eb82c67bda2a655d466fb8520d096166df4ee9b0b17df748cbacb1", size = 2708649 },
]

[[package]]
name = "typing-extensions"
version = "4.14.0"
source = { registry = "https://pypi.org/simple" }
sdist = { url = "https://files.pythonhosted.org/packages/d1/bc/51647cd02527e87d05cb083ccc402f93e441606ff1f01739a62c8ad09ba5/typing_extensions-4.14.0.tar.gz", hash = "sha256:8676b788e32f02ab42d9e7c61324048ae4c6d844a399eebace3d4979d75ceef4", size = 107423 }
wheels = [
    { url = "https://files.pythonhosted.org/packages/69/e0/552843e0d356fbb5256d21449fa957fa4eff3bbc135a74a691ee70c7c5da/typing_extensions-4.14.0-py3-none-any.whl", hash = "sha256:a1514509136dd0b477638fc68d6a91497af5076466ad0fa6c338e44e359944af", size = 43839 },
]
